
Microsoft Visual Studio Solution File, Format Version 12.00
# Visual Studio Version 17
VisualStudioVersion = 17.5.33414.496
MinimumVisualStudioVersion = 10.0.40219.1
Project("{FAE04EC0-301F-11D3-BF4B-00C04F79EFBC}") = "Mars2023", "Mars2023\Mars2023.csproj", "{7C7B3910-65FC-4952-8C4D-F435BD0D4A0F}"
EndProject
Global
	GlobalSection(SolutionConfigurationPlatforms) = preSolution
		Debug|Any CPU = Debug|Any CPU
		Release|Any CPU = Release|Any CPU
	EndGlobalSection
	GlobalSection(ProjectConfigurationPlatforms) = postSolution
		{7C7B3910-65FC-4952-8C4D-F435BD0D4A0F}.Debug|Any CPU.ActiveCfg = Debug|Any CPU
		{7C7B3910-65FC-4952-8C4D-F435BD0D4A0F}.Debug|Any CPU.Build.0 = Debug|Any CPU
		{7C7B3910-65FC-4952-8C4D-F435BD0D4A0F}.Release|Any CPU.ActiveCfg = Release|Any CPU
		{7C7B3910-65FC-4952-8C4D-F435BD0D4A0F}.Release|Any CPU.Build.0 = Release|Any CPU
	EndGlobalSection
	GlobalSection(SolutionProperties) = preSolution
		HideSolutionNode = FALSE
	EndGlobalSection
	GlobalSection(ExtensibilityGlobals) = postSolution
		SolutionGuid = {C5757B22-D4A2-4F97-A95B-3438AD04872C}
	EndGlobalSection
EndGlobal
